#MicroXplorer Configuration settings - do not modify
ADC1.Channel-0\#ChannelRegularConversion=ADC_CHANNEL_VBAT
ADC1.IPParameters=Rank-0\#ChannelRegularConversion,Channel-0\#ChannelRegularConversion,SamplingTime-0\#ChannelRegularConversion,OffsetNumber-0\#ChannelRegularConversion,NbrOfConversionFlag,master
ADC1.NbrOfConversionFlag=1
ADC1.OffsetNumber-0\#ChannelRegularConversion=ADC_OFFSET_NONE
ADC1.Rank-0\#ChannelRegularConversion=1
ADC1.SamplingTime-0\#ChannelRegularConversion=ADC_SAMPLETIME_2CYCLES_5
ADC1.master=1
File.Version=6
KeepUserPlacement=false
Mcu.Family=STM32L4
Mcu.IP0=ADC1
Mcu.IP1=I2C1
Mcu.IP2=NVIC
Mcu.IP3=RCC
Mcu.IP4=RTC
Mcu.IP5=SPI1
Mcu.IP6=SYS
Mcu.IP7=USART1
Mcu.IPNb=8
Mcu.Name=STM32L433C(B-C)Tx
Mcu.Package=LQFP48
Mcu.Pin0=PA1
Mcu.Pin1=PA2
Mcu.Pin10=PA9
Mcu.Pin11=PA10
Mcu.Pin12=PB7
Mcu.Pin13=PB8
Mcu.Pin14=PB9
Mcu.Pin15=VP_ADC1_Vbat_Input
Mcu.Pin16=VP_RTC_VS_RTC_Activate
Mcu.Pin17=VP_SYS_VS_Systick
Mcu.Pin2=PA4
Mcu.Pin3=PA5
Mcu.Pin4=PA6
Mcu.Pin5=PA7
Mcu.Pin6=PB12
Mcu.Pin7=PB13
Mcu.Pin8=PB14
Mcu.Pin9=PB15
Mcu.PinsNb=18
Mcu.UserConstants=
Mcu.UserName=STM32L433CCTx
MxCube.Version=4.22.0
MxDb.Version=DB.4.0.220
NVIC.BusFault_IRQn=true\:0\:0\:false\:false\:true
NVIC.DebugMonitor_IRQn=true\:0\:0\:false\:false\:true
NVIC.EXTI1_IRQn=true\:0\:0\:false\:false\:true
NVIC.EXTI9_5_IRQn=true\:0\:0\:false\:false\:true
NVIC.HardFault_IRQn=true\:0\:0\:false\:false\:true
NVIC.MemoryManagement_IRQn=true\:0\:0\:false\:false\:true
NVIC.NonMaskableInt_IRQn=true\:0\:0\:false\:false\:true
NVIC.PendSV_IRQn=true\:0\:0\:false\:false\:true
NVIC.PriorityGroup=NVIC_PRIORITYGROUP_4
NVIC.SPI1_IRQn=true\:0\:0\:false\:false\:true
NVIC.SVCall_IRQn=true\:0\:0\:false\:false\:true
NVIC.SysTick_IRQn=true\:0\:0\:false\:false\:true
NVIC.UsageFault_IRQn=true\:0\:0\:false\:false\:true
PA1.GPIOParameters=GPIO_Label
PA1.GPIO_Label=STM_RSV
PA1.Locked=true
PA1.Signal=GPXTI1
PA10.Locked=true
PA10.Mode=Asynchronous
PA10.Signal=USART1_RX
PA2.GPIOParameters=GPIO_Label
PA2.GPIO_Label=STM_INT
PA2.Locked=true
PA2.Signal=GPIO_Output
PA4.GPIOParameters=GPIO_PuPd
PA4.GPIO_PuPd=GPIO_PULLUP
PA4.Locked=true
PA4.Mode=NSS_Signal_Hard_Input
PA4.Signal=SPI1_NSS
PA5.GPIOParameters=GPIO_PuPd
PA5.GPIO_PuPd=GPIO_PULLUP
PA5.Locked=true
PA5.Mode=Full_Duplex_Slave
PA5.Signal=SPI1_SCK
PA6.GPIOParameters=GPIO_PuPd
PA6.GPIO_PuPd=GPIO_PULLUP
PA6.Locked=true
PA6.Mode=Full_Duplex_Slave
PA6.Signal=SPI1_MISO
PA7.GPIOParameters=GPIO_PuPd
PA7.GPIO_PuPd=GPIO_PULLUP
PA7.Locked=true
PA7.Mode=Full_Duplex_Slave
PA7.Signal=SPI1_MOSI
PA9.Locked=true
PA9.Mode=Asynchronous
PA9.Signal=USART1_TX
PB12.GPIOParameters=GPIO_Label
PB12.GPIO_Label=STM_LED1
PB12.Locked=true
PB12.Signal=GPIO_Output
PB13.GPIOParameters=GPIO_Label
PB13.GPIO_Label=STM_LED2
PB13.Locked=true
PB13.Signal=GPIO_Output
PB14.GPIOParameters=GPIO_Label
PB14.GPIO_Label=STM_LED3
PB14.Locked=true
PB14.Signal=GPIO_Output
PB15.GPIOParameters=GPIO_Label
PB15.GPIO_Label=STM_LED4
PB15.Locked=true
PB15.Signal=GPIO_Output
PB7.GPIOParameters=GPIO_Label,GPIO_PuPd
PB7.GPIO_Label=TAMPER
PB7.GPIO_PuPd=GPIO_PULLUP
PB7.Locked=true
PB7.Signal=GPXTI7
PB8.Locked=true
PB8.Mode=I2C
PB8.Signal=I2C1_SCL
PB9.Locked=true
PB9.Mode=I2C
PB9.Signal=I2C1_SDA
PCC.Checker=true
PCC.Line=STM32L4x3
PCC.MCU=STM32L433C(B-C)Tx
PCC.PartNumber=STM32L433CCTx
PCC.Seq0=0
PCC.Series=STM32L4
PCC.Temperature=25
PCC.Vdd=null
PinOutPanel.RotationAngle=0
ProjectManager.AskForMigrate=true
ProjectManager.BackupPrevious=false
ProjectManager.CompilerOptimize=2
ProjectManager.ComputerToolchain=false
ProjectManager.CoupleFile=true
ProjectManager.CustomerFirmwarePackage=C\:/Users/Administrator.USER-20170608GO/STM32Cube/Repository/STM32Cube_FW_L4_V1.8.1
ProjectManager.DefaultFWLocation=true
ProjectManager.DeletePrevious=true
ProjectManager.DeviceId=STM32L433CCTx
ProjectManager.FirmwarePackage=STM32Cube FW_L4 V1.8.1
ProjectManager.FreePins=true
ProjectManager.HalAssertFull=false
ProjectManager.HeapSize=0x200
ProjectManager.KeepUserCode=true
ProjectManager.LastFirmware=true
ProjectManager.LibraryCopy=0
ProjectManager.PreviousToolchain=
ProjectManager.ProjectBuild=false
ProjectManager.ProjectFileName=6QSM.ioc
ProjectManager.ProjectName=6QSM
ProjectManager.StackSize=0x400
ProjectManager.TargetToolchain=MDK-ARM V5
ProjectManager.ToolChainLocation=
ProjectManager.UnderRoot=false
ProjectManager.functionlistsort=1-MX_GPIO_Init-GPIO-false-HAL,2-SystemClock_Config-RCC-false-HAL,3-MX_ADC1_Init-ADC1-false-HAL,4-MX_I2C1_Init-I2C1-false-HAL,5-MX_RTC_Init-RTC-false-HAL,6-MX_SPI1_Init-SPI1-false-HAL,7-MX_USART1_UART_Init-USART1-false-HAL
RCC.ADCFreq_Value=32000000
RCC.FamilyName=M
RCC.HSE_VALUE=8000000
RCC.HSI48_VALUE=48000000
RCC.HSI_VALUE=16000000
RCC.IPParameters=ADCFreq_Value,FamilyName,HSE_VALUE,HSI48_VALUE,HSI_VALUE,LSCOPinFreq_Value,LSE_VALUE,LSI_VALUE,MSI_VALUE,PLLPoutputFreq_Value,PLLQoutputFreq_Value,PLLRCLKFreq_Value,PLLSAI1N,PLLSAI1PoutputFreq_Value,PLLSAI1QoutputFreq_Value,PLLSAI1RoutputFreq_Value,RNGFreq_Value,SAI1Freq_Value,USBFreq_Value,VCOInputFreq_Value,VCOOutputFreq_Value,VCOSAI1OutputFreq_Value
RCC.LSCOPinFreq_Value=32000
RCC.LSE_VALUE=32768
RCC.LSI_VALUE=32000
RCC.MSI_VALUE=4000000
RCC.PLLPoutputFreq_Value=4571428.571428572
RCC.PLLQoutputFreq_Value=16000000
RCC.PLLRCLKFreq_Value=16000000
RCC.PLLSAI1N=16
RCC.PLLSAI1PoutputFreq_Value=9142857.142857144
RCC.PLLSAI1QoutputFreq_Value=32000000
RCC.PLLSAI1RoutputFreq_Value=32000000
RCC.RNGFreq_Value=32000000
RCC.SAI1Freq_Value=9142857.142857144
RCC.USBFreq_Value=32000000
RCC.VCOInputFreq_Value=4000000
RCC.VCOOutputFreq_Value=32000000
RCC.VCOSAI1OutputFreq_Value=64000000
SH.GPXTI1.0=GPIO_EXTI1
SH.GPXTI1.ConfNb=1
SH.GPXTI7.0=GPIO_EXTI7
SH.GPXTI7.ConfNb=1
SPI1.DataSize=SPI_DATASIZE_8BIT
SPI1.Direction=SPI_DIRECTION_2LINES
SPI1.IPParameters=VirtualType,Mode,Direction,DataSize,VirtualNSS
SPI1.Mode=SPI_MODE_SLAVE
SPI1.VirtualNSS=VM_NSSHARD
SPI1.VirtualType=VM_SLAVE
USART1.IPParameters=VirtualMode-Asynchronous,WordLength,MSBFirstParam
USART1.MSBFirstParam=UART_ADVFEATURE_MSBFIRST_ENABLE
USART1.VirtualMode-Asynchronous=VM_ASYNC
USART1.WordLength=WORDLENGTH_8B
VP_ADC1_Vbat_Input.Mode=IN-Vbat
VP_ADC1_Vbat_Input.Signal=ADC1_Vbat_Input
VP_RTC_VS_RTC_Activate.Mode=RTC_Enabled
VP_RTC_VS_RTC_Activate.Signal=RTC_VS_RTC_Activate
VP_SYS_VS_Systick.Mode=SysTick
VP_SYS_VS_Systick.Signal=SYS_VS_Systick
board=6QSM
